
Microsoft Visual Studio Solution File, Format Version 12.00
# Visual Studio 15
VisualStudioVersion = 15.0.28307.102
MinimumVisualStudioVersion = 10.0.40219.1
Project("{9A19103F-16F7-4668-BE54-9A1E7A4F7556}") = "WebStore", "WebStore\WebStore.csproj", "{FDD5F626-9B9C-440B-91C6-D21B093189D0}"
EndProject
Project("{FAE04EC0-301F-11D3-BF4B-00C04F79EFBC}") = "WebStoreUnitTests", "WebStoreUnitTests\WebStoreUnitTests.csproj", "{42B67DC9-C517-4631-9EF1-3D92E34547DA}"
EndProject
Global
	GlobalSection(SolutionConfigurationPlatforms) = preSolution
		Debug|Any CPU = Debug|Any CPU
		Release|Any CPU = Release|Any CPU
	EndGlobalSection
	GlobalSection(ProjectConfigurationPlatforms) = postSolution
		{FDD5F626-9B9C-440B-91C6-D21B093189D0}.Debug|Any CPU.ActiveCfg = Debug|Any CPU
		{FDD5F626-9B9C-440B-91C6-D21B093189D0}.Debug|Any CPU.Build.0 = Debug|Any CPU
		{FDD5F626-9B9C-440B-91C6-D21B093189D0}.Release|Any CPU.ActiveCfg = Release|Any CPU
		{FDD5F626-9B9C-440B-91C6-D21B093189D0}.Release|Any CPU.Build.0 = Release|Any CPU
		{42B67DC9-C517-4631-9EF1-3D92E34547DA}.Debug|Any CPU.ActiveCfg = Debug|Any CPU
		{42B67DC9-C517-4631-9EF1-3D92E34547DA}.Debug|Any CPU.Build.0 = Debug|Any CPU
		{42B67DC9-C517-4631-9EF1-3D92E34547DA}.Release|Any CPU.ActiveCfg = Release|Any CPU
		{42B67DC9-C517-4631-9EF1-3D92E34547DA}.Release|Any CPU.Build.0 = Release|Any CPU
	EndGlobalSection
	GlobalSection(SolutionProperties) = preSolution
		HideSolutionNode = FALSE
	EndGlobalSection
	GlobalSection(ExtensibilityGlobals) = postSolution
		SolutionGuid = {ABB41DB3-E59C-4575-B234-517AA00A7266}
	EndGlobalSection
EndGlobal
